Microsoft Visual Studio Solution File, Format Version 8.00
Project("{FAE04EC0-301F-11D3-BF4B-00C04F79EFBC}") = "Resource CPP Use Seeker", "Resource CPP Use Seeker.csproj", "{A0DC6AD7-3382-4789-8270-BCE8A0F7D91F}"
	ProjectSection(ProjectDependencies) = postProject
	EndProjectSection
EndProject
Global
	GlobalSection(SolutionConfiguration) = preSolution
		Debug = Debug
		Release = Release
	EndGlobalSection
	GlobalSection(ProjectConfiguration) = postSolution
		{A0DC6AD7-3382-4789-8270-BCE8A0F7D91F}.Debug.ActiveCfg = Debug|.NET
		{A0DC6AD7-3382-4789-8270-BCE8A0F7D91F}.Debug.Build.0 = Debug|.NET
		{A0DC6AD7-3382-4789-8270-BCE8A0F7D91F}.Release.ActiveCfg = Release|.NET
		{A0DC6AD7-3382-4789-8270-BCE8A0F7D91F}.Release.Build.0 = Release|.NET
	EndGlobalSection
	GlobalSection(ExtensibilityGlobals) = postSolution
	EndGlobalSection
	GlobalSection(ExtensibilityAddIns) = postSolution
	EndGlobalSection
EndGlobal
