
Microsoft Visual Studio Solution File, Format Version 9.00
# Visual Studio 2005
Project("{FAE04EC0-301F-11D3-BF4B-00C04F79EFBC}") = "SeparateDiffs", "SeparateDiffs\SeparateDiffs.csproj", "{81AE7276-73E3-48FA-B5F0-0F81FD69DA7C}"
EndProject
Global
	GlobalSection(SolutionConfigurationPlatforms) = preSolution
		Debug|Any CPU = Debug|Any CPU
		Release|Any CPU = Release|Any CPU
	EndGlobalSection
	GlobalSection(ProjectConfigurationPlatforms) = postSolution
		{81AE7276-73E3-48FA-B5F0-0F81FD69DA7C}.Debug|Any CPU.ActiveCfg = Debug|Any CPU
		{81AE7276-73E3-48FA-B5F0-0F81FD69DA7C}.Debug|Any CPU.Build.0 = Debug|Any CPU
		{81AE7276-73E3-48FA-B5F0-0F81FD69DA7C}.Release|Any CPU.ActiveCfg = Release|Any CPU
		{81AE7276-73E3-48FA-B5F0-0F81FD69DA7C}.Release|Any CPU.Build.0 = Release|Any CPU
	EndGlobalSection
	GlobalSection(SolutionProperties) = preSolution
		HideSolutionNode = FALSE
	EndGlobalSection
EndGlobal
